
Microsoft Visual Studio Solution File, Format Version 12.00
# Visual Studio Version 16
VisualStudioVersion = 16.0.31105.61
MinimumVisualStudioVersion = 10.0.40219.1
Project("{FAE04EC0-301F-11D3-BF4B-00C04F79EFBC}") = "PhillipsHueConsole", "PhillipsHueConsole\PhillipsHueConsole.csproj", "{363CD0CC-AEC5-4504-A89C-38CCBE04900C}"
EndProject
Global
	GlobalSection(SolutionConfigurationPlatforms) = preSolution
		Debug|Any CPU = Debug|Any CPU
		Release|Any CPU = Release|Any CPU
	EndGlobalSection
	GlobalSection(ProjectConfigurationPlatforms) = postSolution
		{363CD0CC-AEC5-4504-A89C-38CCBE04900C}.Debug|Any CPU.ActiveCfg = Debug|Any CPU
		{363CD0CC-AEC5-4504-A89C-38CCBE04900C}.Debug|Any CPU.Build.0 = Debug|Any CPU
		{363CD0CC-AEC5-4504-A89C-38CCBE04900C}.Release|Any CPU.ActiveCfg = Release|Any CPU
		{363CD0CC-AEC5-4504-A89C-38CCBE04900C}.Release|Any CPU.Build.0 = Release|Any CPU
	EndGlobalSection
	GlobalSection(SolutionProperties) = preSolution
		HideSolutionNode = FALSE
	EndGlobalSection
	GlobalSection(ExtensibilityGlobals) = postSolution
		SolutionGuid = {7CA3CE15-7CB5-432D-ADDA-AFA2C6A9E0E7}
	EndGlobalSection
EndGlobal
